
Microsoft Visual Studio Solution File, Format Version 12.00
# Visual Studio Version 17
VisualStudioVersion = 17.7.34031.279
MinimumVisualStudioVersion = 10.0.40219.1
Project("{888888A0-9F3D-457C-B088-3A5042F75D52}") = "Novella", "Novella.pyproj", "{6C60B140-4C19-4A0A-AF3C-10F72B9611FA}"
EndProject
Global
	GlobalSection(SolutionConfigurationPlatforms) = preSolution
		Debug|Any CPU = Debug|Any CPU
		Release|Any CPU = Release|Any CPU
	EndGlobalSection
	GlobalSection(ProjectConfigurationPlatforms) = postSolution
		{6C60B140-4C19-4A0A-AF3C-10F72B9611FA}.Debug|Any CPU.ActiveCfg = Debug|Any CPU
		{6C60B140-4C19-4A0A-AF3C-10F72B9611FA}.Release|Any CPU.ActiveCfg = Release|Any CPU
	EndGlobalSection
	GlobalSection(SolutionProperties) = preSolution
		HideSolutionNode = FALSE
	EndGlobalSection
	GlobalSection(ExtensibilityGlobals) = postSolution
		SolutionGuid = {0C8FFC18-9AB5-4896-AE5C-9D369EEC040D}
	EndGlobalSection
EndGlobal
